
Microsoft Visual Studio Solution File, Format Version 12.00
# Visual Studio Version 16
VisualStudioVersion = 16.0.33927.289
MinimumVisualStudioVersion = 10.0.40219.1
Project("{FAE04EC0-301F-11D3-BF4B-00C04F79EFBC}") = "Javascript_new1", "Javascript_new1\Javascript_new1.csproj", "{3DD29B03-54E6-41B0-8F0B-5F84FA1B819E}"
EndProject
Global
	GlobalSection(SolutionConfigurationPlatforms) = preSolution
		Debug|Any CPU = Debug|Any CPU
		Release|Any CPU = Release|Any CPU
	EndGlobalSection
	GlobalSection(ProjectConfigurationPlatforms) = postSolution
		{3DD29B03-54E6-41B0-8F0B-5F84FA1B819E}.Debug|Any CPU.ActiveCfg = Debug|Any CPU
		{3DD29B03-54E6-41B0-8F0B-5F84FA1B819E}.Debug|Any CPU.Build.0 = Debug|Any CPU
		{3DD29B03-54E6-41B0-8F0B-5F84FA1B819E}.Release|Any CPU.ActiveCfg = Release|Any CPU
		{3DD29B03-54E6-41B0-8F0B-5F84FA1B819E}.Release|Any CPU.Build.0 = Release|Any CPU
	EndGlobalSection
	GlobalSection(SolutionProperties) = preSolution
		HideSolutionNode = FALSE
	EndGlobalSection
	GlobalSection(ExtensibilityGlobals) = postSolution
		SolutionGuid = {D7F7821A-C9B9-4802-AF78-46D1735442A0}
	EndGlobalSection
EndGlobal
